
Microsoft Visual Studio Solution File, Format Version 12.00
# Visual Studio Version 17
VisualStudioVersion = 17.9.34622.214
MinimumVisualStudioVersion = 10.0.40219.1
Project("{FAE04EC0-301F-11D3-BF4B-00C04F79EFBC}") = "THLTWEB_API", "THLTWEB_API\THLTWEB_API.csproj", "{5EE044AC-2B5B-4A99-AE94-44ED70979D15}"
EndProject
Global
	GlobalSection(SolutionConfigurationPlatforms) = preSolution
		Debug|Any CPU = Debug|Any CPU
		Release|Any CPU = Release|Any CPU
	EndGlobalSection
	GlobalSection(ProjectConfigurationPlatforms) = postSolution
		{5EE044AC-2B5B-4A99-AE94-44ED70979D15}.Debug|Any CPU.ActiveCfg = Debug|Any CPU
		{5EE044AC-2B5B-4A99-AE94-44ED70979D15}.Debug|Any CPU.Build.0 = Debug|Any CPU
		{5EE044AC-2B5B-4A99-AE94-44ED70979D15}.Release|Any CPU.ActiveCfg = Release|Any CPU
		{5EE044AC-2B5B-4A99-AE94-44ED70979D15}.Release|Any CPU.Build.0 = Release|Any CPU
	EndGlobalSection
	GlobalSection(SolutionProperties) = preSolution
		HideSolutionNode = FALSE
	EndGlobalSection
	GlobalSection(ExtensibilityGlobals) = postSolution
		SolutionGuid = {ABC3E117-EAB2-42B4-BF3C-E7312787A3BA}
	EndGlobalSection
EndGlobal
